{
  "requires": true,
  "lockfileVersion": 1,
  "dependencies": {
    "react-unity-webgl": {
      "version": "7.1.10",
      "resolved": "https://registry.npmjs.org/react-unity-webgl/-/react-unity-webgl-7.1.10.tgz",
      "integrity": "sha512-p9N4vyPkcu6sqBAsBblZ7/1DF82Iqg5ne1lvfQEMbRdXS3V97qEX6qyFIxUXDUNs51AidTRsSz90D8qWbYV0HA=="
    }
  }
}
